
Microsoft Visual Studio Solution File, Format Version 12.00
# Visual Studio Version 17
VisualStudioVersion = 17.12.35527.113 d17.12
MinimumVisualStudioVersion = 10.0.40219.1
Project("{2150E333-8FDC-42A3-9474-1A3956D46DE8}") = "src", "src", "{F696A1D5-5B4F-4EAC-9C85-6F6F73DE2841}"
EndProject
Project("{2150E333-8FDC-42A3-9474-1A3956D46DE8}") = "tests", "tests", "{C489564F-71FA-4D70-B8AA-20106F581C73}"
EndProject
Project("{2150E333-8FDC-42A3-9474-1A3956D46DE8}") = "Presentation", "Presentation", "{5C803200-CF15-410A-8CD0-E36E64A8006D}"
EndProject
Project("{2150E333-8FDC-42A3-9474-1A3956D46DE8}") = "Data", "Data", "{4526A1FD-4930-4DD5-96F6-F88FEFCF2DA1}"
EndProject
Project("{2150E333-8FDC-42A3-9474-1A3956D46DE8}") = "Business", "Business", "{EF8B82E9-964F-4755-B8B1-13FB8789C8F1}"
EndProject
Project("{FAE04EC0-301F-11D3-BF4B-00C04F79EFBC}") = "Products.Presentation", "Products.Presentation\Products.Presentation.csproj", "{18059BAC-1E10-4FFA-BD51-4F072473FE14}"
EndProject
Project("{FAE04EC0-301F-11D3-BF4B-00C04F79EFBC}") = "Products.Business", "Products.Business\Products.Business.csproj", "{D4EC2A1E-8711-4970-856D-BFFCB62460D2}"
EndProject
Project("{FAE04EC0-301F-11D3-BF4B-00C04F79EFBC}") = "Products.Data", "Products.Data\Products.Data.csproj", "{62C33746-9DB5-4230-B81F-B0E244EA67DD}"
EndProject
Project("{2150E333-8FDC-42A3-9474-1A3956D46DE8}") = "Presentation", "Presentation", "{D1404DFF-96BA-4441-AF9D-37BFEEA49DAF}"
EndProject
Project("{2150E333-8FDC-42A3-9474-1A3956D46DE8}") = "Business", "Business", "{B367AFFC-615F-4554-B6B7-EF9DE3036407}"
EndProject
Project("{2150E333-8FDC-42A3-9474-1A3956D46DE8}") = "Data", "Data", "{1C06AC84-26ED-4926-B7A8-797182038627}"
EndProject
Project("{FAE04EC0-301F-11D3-BF4B-00C04F79EFBC}") = "Products.Presentation.Tests", "Products.Presentation.Tests\Products.Presentation.Tests.csproj", "{D07E397E-D245-4196-A718-03FE1D6354D8}"
EndProject
Project("{FAE04EC0-301F-11D3-BF4B-00C04F79EFBC}") = "Products.Business.Tests", "Products.Business.Tests\Products.Business.Tests.csproj", "{E9308E97-C207-4CE5-B20A-D44C8FD2D968}"
EndProject
Project("{FAE04EC0-301F-11D3-BF4B-00C04F79EFBC}") = "Products.Data.Tests", "Products.Data.Tests\Products.Data.Tests.csproj", "{3AFCA66A-AFC9-4B58-9696-F1EE9AF5EBDE}"
EndProject
Global
	GlobalSection(SolutionConfigurationPlatforms) = preSolution
		Debug|Any CPU = Debug|Any CPU
		Release|Any CPU = Release|Any CPU
	EndGlobalSection
	GlobalSection(ProjectConfigurationPlatforms) = postSolution
		{18059BAC-1E10-4FFA-BD51-4F072473FE14}.Debug|Any CPU.ActiveCfg = Debug|Any CPU
		{18059BAC-1E10-4FFA-BD51-4F072473FE14}.Debug|Any CPU.Build.0 = Debug|Any CPU
		{18059BAC-1E10-4FFA-BD51-4F072473FE14}.Release|Any CPU.ActiveCfg = Release|Any CPU
		{18059BAC-1E10-4FFA-BD51-4F072473FE14}.Release|Any CPU.Build.0 = Release|Any CPU
		{D4EC2A1E-8711-4970-856D-BFFCB62460D2}.Debug|Any CPU.ActiveCfg = Debug|Any CPU
		{D4EC2A1E-8711-4970-856D-BFFCB62460D2}.Debug|Any CPU.Build.0 = Debug|Any CPU
		{D4EC2A1E-8711-4970-856D-BFFCB62460D2}.Release|Any CPU.ActiveCfg = Release|Any CPU
		{D4EC2A1E-8711-4970-856D-BFFCB62460D2}.Release|Any CPU.Build.0 = Release|Any CPU
		{62C33746-9DB5-4230-B81F-B0E244EA67DD}.Debug|Any CPU.ActiveCfg = Debug|Any CPU
		{62C33746-9DB5-4230-B81F-B0E244EA67DD}.Debug|Any CPU.Build.0 = Debug|Any CPU
		{62C33746-9DB5-4230-B81F-B0E244EA67DD}.Release|Any CPU.ActiveCfg = Release|Any CPU
		{62C33746-9DB5-4230-B81F-B0E244EA67DD}.Release|Any CPU.Build.0 = Release|Any CPU
		{D07E397E-D245-4196-A718-03FE1D6354D8}.Debug|Any CPU.ActiveCfg = Debug|Any CPU
		{D07E397E-D245-4196-A718-03FE1D6354D8}.Debug|Any CPU.Build.0 = Debug|Any CPU
		{D07E397E-D245-4196-A718-03FE1D6354D8}.Release|Any CPU.ActiveCfg = Release|Any CPU
		{D07E397E-D245-4196-A718-03FE1D6354D8}.Release|Any CPU.Build.0 = Release|Any CPU
		{E9308E97-C207-4CE5-B20A-D44C8FD2D968}.Debug|Any CPU.ActiveCfg = Debug|Any CPU
		{E9308E97-C207-4CE5-B20A-D44C8FD2D968}.Debug|Any CPU.Build.0 = Debug|Any CPU
		{E9308E97-C207-4CE5-B20A-D44C8FD2D968}.Release|Any CPU.ActiveCfg = Release|Any CPU
		{E9308E97-C207-4CE5-B20A-D44C8FD2D968}.Release|Any CPU.Build.0 = Release|Any CPU
		{3AFCA66A-AFC9-4B58-9696-F1EE9AF5EBDE}.Debug|Any CPU.ActiveCfg = Debug|Any CPU
		{3AFCA66A-AFC9-4B58-9696-F1EE9AF5EBDE}.Debug|Any CPU.Build.0 = Debug|Any CPU
		{3AFCA66A-AFC9-4B58-9696-F1EE9AF5EBDE}.Release|Any CPU.ActiveCfg = Release|Any CPU
		{3AFCA66A-AFC9-4B58-9696-F1EE9AF5EBDE}.Release|Any CPU.Build.0 = Release|Any CPU
	EndGlobalSection
	GlobalSection(SolutionProperties) = preSolution
		HideSolutionNode = FALSE
	EndGlobalSection
	GlobalSection(NestedProjects) = preSolution
		{5C803200-CF15-410A-8CD0-E36E64A8006D} = {F696A1D5-5B4F-4EAC-9C85-6F6F73DE2841}
		{4526A1FD-4930-4DD5-96F6-F88FEFCF2DA1} = {F696A1D5-5B4F-4EAC-9C85-6F6F73DE2841}
		{EF8B82E9-964F-4755-B8B1-13FB8789C8F1} = {F696A1D5-5B4F-4EAC-9C85-6F6F73DE2841}
		{18059BAC-1E10-4FFA-BD51-4F072473FE14} = {5C803200-CF15-410A-8CD0-E36E64A8006D}
		{D4EC2A1E-8711-4970-856D-BFFCB62460D2} = {EF8B82E9-964F-4755-B8B1-13FB8789C8F1}
		{62C33746-9DB5-4230-B81F-B0E244EA67DD} = {4526A1FD-4930-4DD5-96F6-F88FEFCF2DA1}
		{D1404DFF-96BA-4441-AF9D-37BFEEA49DAF} = {C489564F-71FA-4D70-B8AA-20106F581C73}
		{B367AFFC-615F-4554-B6B7-EF9DE3036407} = {C489564F-71FA-4D70-B8AA-20106F581C73}
		{1C06AC84-26ED-4926-B7A8-797182038627} = {C489564F-71FA-4D70-B8AA-20106F581C73}
		{D07E397E-D245-4196-A718-03FE1D6354D8} = {D1404DFF-96BA-4441-AF9D-37BFEEA49DAF}
		{E9308E97-C207-4CE5-B20A-D44C8FD2D968} = {B367AFFC-615F-4554-B6B7-EF9DE3036407}
		{3AFCA66A-AFC9-4B58-9696-F1EE9AF5EBDE} = {1C06AC84-26ED-4926-B7A8-797182038627}
	EndGlobalSection
EndGlobal
